{
  "name": "LayoutTest",
  "lockfileVersion": 3,
  "requires": true,
  "packages": {
    "": {
      "name": "LayoutTest",
      "dependencies": {
        "lru-cache": "7.10.1"
      }
    },
    "node_modules/lru-cache": {
      "version": "7.10.1",
      "resolved": "https://registry.npmjs.org/lru-cache/-/lru-cache-7.10.1.tgz",
      "integrity": "sha512-BQuhQxPuRl79J5zSXRP+uNzPOyZw2oFI9JLRQ80XswSvg21KMKNtQza9eF42rfI/3Z40RvzBdXgziEkudzjo8A==",
      "license": "ISC",
      "engines": {
        "node": ">=12"
      }
    }
  }
}
